lockfileVersion: '9.0'

settings:
  autoInstallPeers: true
  excludeLinksFromLockfile: false

importers:

  .:
    dependencies:
      '@tanstack/react-query':
        specifier: ^5.83.0
        version: 5.83.0(react@19.1.0)
      framer-motion:
        specifier: ^12.23.9
        version: 12.23.9(react@19.1.0)

packages:

  '@tanstack/query-core@5.83.0':
    resolution: {integrity: sha512-0M8dA+amXUkyz5cVUm/B+zSk3xkQAcuXuz5/Q/LveT4ots2rBpPTZOzd7yJa2Utsf8D2Upl5KyjhHRY+9lB/XA==}

  '@tanstack/react-query@5.83.0':
    resolution: {integrity: sha512-/XGYhZ3foc5H0VM2jLSD/NyBRIOK4q9kfeml4+0x2DlL6xVuAcVEW+hTlTapAmejObg0i3eNqhkr2dT+eciwoQ==}
    peerDependencies:
      react: ^18 || ^19

  framer-motion@12.23.9:
    resolution: {integrity: sha512-TqEHXj8LWfQSKqfdr5Y4mYltYLw96deu6/K9kGDd+ysqRJPNwF9nb5mZcrLmybHbU7gcJ+HQar41U3UTGanbbQ==}
    peerDependencies:
      '@emotion/is-prop-valid': '*'
      react: ^18.0.0 || ^19.0.0
      react-dom: ^18.0.0 || ^19.0.0
    peerDependenciesMeta:
      '@emotion/is-prop-valid':
        optional: true
      react:
        optional: true
      react-dom:
        optional: true

  motion-dom@12.23.9:
    resolution: {integrity: sha512-6Sv++iWS8XMFCgU1qwKj9l4xuC47Hp4+2jvPfyTXkqDg2tTzSgX6nWKD4kNFXk0k7llO59LZTPuJigza4A2K1A==}

  motion-utils@12.23.6:
    resolution: {integrity: sha512-eAWoPgr4eFEOFfg2WjIsMoqJTW6Z8MTUCgn/GZ3VRpClWBdnbjryiA3ZSNLyxCTmCQx4RmYX6jX1iWHbenUPNQ==}

  react@19.1.0:
    resolution: {integrity: sha512-FS+XFBNvn3GTAWq26joslQgWNoFu08F4kl0J4CgdNKADkdSGXQyTCnKteIAJy96Br6YbpEU1LSzV5dYtjMkMDg==}
    engines: {node: '>=0.10.0'}

  tslib@2.8.1:
    resolution: {integrity: sha512-oJFu94HQb+KVduSUQL7wnpmqnfmLsOA/nAh6b6EH0wCEoK0/mPeXU6c3wKDV83MkOuHPRHtSXKKU99IBazS/2w==}

snapshots:

  '@tanstack/query-core@5.83.0': {}

  '@tanstack/react-query@5.83.0(react@19.1.0)':
    dependencies:
      '@tanstack/query-core': 5.83.0
      react: 19.1.0

  framer-motion@12.23.9(react@19.1.0):
    dependencies:
      motion-dom: 12.23.9
      motion-utils: 12.23.6
      tslib: 2.8.1
    optionalDependencies:
      react: 19.1.0

  motion-dom@12.23.9:
    dependencies:
      motion-utils: 12.23.6

  motion-utils@12.23.6: {}

  react@19.1.0: {}

  tslib@2.8.1: {}
